
Microsoft Visual Studio Solution File, Format Version 11.00
# Visual Studio 2010
Project("{FAE04EC0-301F-11D3-BF4B-00C04F79EFBC}") = "Assembly-CSharp", "Assembly-CSharp.csproj", "{cad3067a-6639-6172-9fba-ffaf670533bf}"
EndProject
Project("{FAE04EC0-301F-11D3-BF4B-00C04F79EFBC}") = "Assembly-CSharp-firstpass", "Assembly-CSharp-firstpass.csproj", "{d5b633a2-60e4-035c-fec1-f1c96f5b7dcb}"
EndProject
Project("{FAE04EC0-301F-11D3-BF4B-00C04F79EFBC}") = "Assembly-CSharp-Editor-firstpass", "Assembly-CSharp-Editor-firstpass.csproj", "{0722c663-0657-8db3-4981-cf44966dbc3a}"
EndProject
Global
	GlobalSection(SolutionConfigurationPlatforms) = preSolution
		Debug|Any CPU = Debug|Any CPU
	EndGlobalSection
	GlobalSection(ProjectConfigurationPlatforms) = postSolution
		{cad3067a-6639-6172-9fba-ffaf670533bf}.Debug|Any CPU.ActiveCfg = Debug|Any CPU
		{cad3067a-6639-6172-9fba-ffaf670533bf}.Debug|Any CPU.Build.0 = Debug|Any CPU
		{d5b633a2-60e4-035c-fec1-f1c96f5b7dcb}.Debug|Any CPU.ActiveCfg = Debug|Any CPU
		{d5b633a2-60e4-035c-fec1-f1c96f5b7dcb}.Debug|Any CPU.Build.0 = Debug|Any CPU
		{0722c663-0657-8db3-4981-cf44966dbc3a}.Debug|Any CPU.ActiveCfg = Debug|Any CPU
		{0722c663-0657-8db3-4981-cf44966dbc3a}.Debug|Any CPU.Build.0 = Debug|Any CPU
	EndGlobalSection
	GlobalSection(SolutionProperties) = preSolution
		HideSolutionNode = FALSE
	EndGlobalSection
EndGlobal
